// !$*UTF8*$!
{
	archiveVersion = 1;
	classes = {
	};
	objectVersion = 55;
	objects = {

/* Begin PBXBuildFile section */
		95265D2428C83E4C00A62350 /* AppDelegate.swift in Sources */ = {isa = PBXBuildFile; fileRef = 95265D2328C83E4C00A62350 /* AppDelegate.swift */; };
		95265D2628C83E4C00A62350 /* SceneDelegate.swift in Sources */ = {isa = PBXBuildFile; fileRef = 95265D2528C83E4C00A62350 /* SceneDelegate.swift */; };
		95265D2828C83E4C00A62350 /* ViewController.swift in Sources */ = {isa = PBXBuildFile; fileRef = 95265D2728C83E4C00A62350 /* ViewController.swift */; };
		95265D2B28C83E4C00A62350 /* Main.storyboard in Resources */ = {isa = PBXBuildFile; fileRef = 95265D2928C83E4C00A62350 /* Main.storyboard */; };
		95265D2D28C83E5000A62350 /* Assets.xcassets in Resources */ = {isa = PBXBuildFile; fileRef = 95265D2C28C83E5000A62350 /* Assets.xcassets */; };
		95265D3028C83E5000A62350 /* LaunchScreen.storyboard in Resources */ = {isa = PBXBuildFile; fileRef = 95265D2E28C83E5000A62350 /* LaunchScreen.storyboard */; };
		95265D3B28C87FA300A62350 /* Questions.swift in Sources */ = {isa = PBXBuildFile; fileRef = 95265D3A28C87FA300A62350 /* Questions.swift */; };
		95D537E228C8984E003B2B59 /* QuizBrain.swift in Sources */ = {isa = PBXBuildFile; fileRef = 95D537E128C8984E003B2B59 /* QuizBrain.swift */; };
/* End PBXBuildFile section */

/* Begin PBXFileReference section */
		95265D2028C83E4C00A62350 /* Quizzler-MultipleChoice.app */ = {isa = PBXFileReference; explicitFileType = wrapper.application; includeInIndex = 0; path = "Quizzler-MultipleChoice.app"; sourceTree = BUILT_PRODUCTS_DIR; };
		95265D2328C83E4C00A62350 /* AppDelegate.swift */ = {isa = PBXFileReference; lastKnownFileType = sourcecode.swift; path = AppDelegate.swift; sourceTree = "<group>"; };
		95265D2528C83E4C00A62350 /* SceneDelegate.swift */ = {isa = PBXFileReference; lastKnownFileType = sourcecode.swift; path = SceneDelegate.swift; sourceTree = "<group>"; };
		95265D2728C83E4C00A62350 /* ViewController.swift */ = {isa = PBXFileReference; lastKnownFileType = sourcecode.swift; path = ViewController.swift; sourceTree = "<group>"; };
		95265D2A28C83E4C00A62350 /* Base */ = {isa = PBXFileReference; lastKnownFileType = file.storyboard; name = Base; path = Base.lproj/Main.storyboard; sourceTree = "<group>"; };
		95265D2C28C83E5000A62350 /* Assets.xcassets */ = {isa = PBXFileReference; lastKnownFileType = folder.assetcatalog; path = Assets.xcassets; sourceTree = "<group>"; };
		95265D2F28C83E5000A62350 /* Base */ = {isa = PBXFileReference; lastKnownFileType = file.storyboard; name = Base; path = Base.lproj/LaunchScreen.storyboard; sourceTree = "<group>"; };
		95265D3128C83E5000A62350 /* Info.plist */ = {isa = PBXFileReference; lastKnownFileType = text.plist.xml; path = Info.plist; sourceTree = "<group>"; };
		95265D3A28C87FA300A62350 /* Questions.swift */ = {isa = PBXFileReference; lastKnownFileType = sourcecode.swift; path = Questions.swift; sourceTree = "<group>"; };
		95D537E128C8984E003B2B59 /* QuizBrain.swift */ = {isa = PBXFileReference; lastKnownFileType = sourcecode.swift; path = QuizBrain.swift; sourceTree = "<group>"; };
/* End PBXFileReference section */

/* Begin PBXFrameworksBuildPhase section */
		95265D1D28C83E4C00A62350 /* Frameworks */ = {
			isa = PBXFrameworksBuildPhase;
			buildActionMask = 2147483647;
			files = (
			);
			runOnlyForDeploymentPostprocessing = 0;
		};
/* End PBXFrameworksBuildPhase section */

/* Begin PBXGroup section */
		95265D1728C83E4C00A62350 = {
			isa = PBXGroup;
			children = (
				95265D2228C83E4C00A62350 /* Quizzler-MultipleChoice */,
				95265D2128C83E4C00A62350 /* Products */,
			);
			sourceTree = "<group>";
		};
		95265D2128C83E4C00A62350 /* Products */ = {
			isa = PBXGroup;
			children = (
				95265D2028C83E4C00A62350 /* Quizzler-MultipleChoice.app */,
			);
			name = Products;
			sourceTree = "<group>";
		};
		95265D2228C83E4C00A62350 /* Quizzler-MultipleChoice */ = {
			isa = PBXGroup;
			children = (
				95265D2328C83E4C00A62350 /* AppDelegate.swift */,
				95265D2528C83E4C00A62350 /* SceneDelegate.swift */,
				95265D3C28C87FB400A62350 /* Modal */,
				95265D3728C858CA00A62350 /* View */,
				95265D3828C858D900A62350 /* Controller */,
				95265D2C28C83E5000A62350 /* Assets.xcassets */,
				95265D2E28C83E5000A62350 /* LaunchScreen.storyboard */,
				95265D3128C83E5000A62350 /* Info.plist */,
			);
			path = "Quizzler-MultipleChoice";
			sourceTree = "<group>";
		};
		95265D3728C858CA00A62350 /* View */ = {
			isa = PBXGroup;
			children = (
				95265D2928C83E4C00A62350 /* Main.storyboard */,
			);
			path = View;
			sourceTree = "<group>";
		};
		95265D3828C858D900A62350 /* Controller */ = {
			isa = PBXGroup;
			children = (
				95265D2728C83E4C00A62350 /* ViewController.swift */,
			);
			path = Controller;
			sourceTree = "<group>";
		};
		95265D3C28C87FB400A62350 /* Modal */ = {
			isa = PBXGroup;
			children = (
				95265D3A28C87FA300A62350 /* Questions.swift */,
				95D537E128C8984E003B2B59 /* QuizBrain.swift */,
			);
			path = Modal;
			sourceTree = "<group>";
		};
/* End PBXGroup section */

/* Begin PBXNativeTarget section */
		95265D1F28C83E4C00A62350 /* Quizzler-MultipleChoice */ = {
			isa = PBXNativeTarget;
			buildConfigurationList = 95265D3428C83E5000A62350 /* Build configuration list for PBXNativeTarget "Quizzler-MultipleChoice" */;
			buildPhases = (
				95265D1C28C83E4C00A62350 /* Sources */,
				95265D1D28C83E4C00A62350 /* Frameworks */,
				95265D1E28C83E4C00A62350 /* Resources */,
			);
			buildRules = (
			);
			dependencies = (
			);
			name = "Quizzler-MultipleChoice";
			productName = "Quizzler-MultipleChoice";
			productReference = 95265D2028C83E4C00A62350 /* Quizzler-MultipleChoice.app */;
			productType = "com.apple.product-type.application";
		};
/* End PBXNativeTarget section */

/* Begin PBXProject section */
		95265D1828C83E4C00A62350 /* Project object */ = {
			isa = PBXProject;
			attributes = {
				BuildIndependentTargetsInParallel = 1;
				LastSwiftUpdateCheck = 1340;
				LastUpgradeCheck = 1340;
				TargetAttributes = {
					95265D1F28C83E4C00A62350 = {
						CreatedOnToolsVersion = 13.4.1;
					};
				};
			};
			buildConfigurationList = 95265D1B28C83E4C00A62350 /* Build configuration list for PBXProject "Quizzler-MultipleChoice" */;
			compatibilityVersion = "Xcode 13.0";
			developmentRegion = en;
			hasScannedForEncodings = 0;
			knownRegions = (
				en,
				Base,
			);
			mainGroup = 95265D1728C83E4C00A62350;
			productRefGroup = 95265D2128C83E4C00A62350 /* Products */;
			projectDirPath = "";
			projectRoot = "";
			targets = (
				95265D1F28C83E4C00A62350 /* Quizzler-MultipleChoice */,
			);
		};
/* End PBXProject section */

/* Begin PBXResourcesBuildPhase section */
		95265D1E28C83E4C00A62350 /* Resources */ = {
			isa = PBXResourcesBuildPhase;
			buildActionMask = 2147483647;
			files = (
				95265D3028C83E5000A62350 /* LaunchScreen.storyboard in Resources */,
				95265D2D28C83E5000A62350 /* Assets.xcassets in Resources */,
				95265D2B28C83E4C00A62350 /* Main.storyboard in Resources */,
			);
			runOnlyForDeploymentPostprocessing = 0;
		};
/* End PBXResourcesBuildPhase section */

/* Begin PBXSourcesBuildPhase section */
		95265D1C28C83E4C00A62350 /* Sources */ = {
			isa = PBXSourcesBuildPhase;
			buildActionMask = 2147483647;
			files = (
				95D537E228C8984E003B2B59 /* QuizBrain.swift in Sources */,
				95265D2828C83E4C00A62350 /* ViewController.swift in Sources */,
				95265D3B28C87FA300A62350 /* Questions.swift in Sources */,
				95265D2428C83E4C00A62350 /* AppDelegate.swift in Sources */,
				95265D2628C83E4C00A62350 /* SceneDelegate.swift in Sources */,
			);
			runOnlyForDeploymentPostprocessing = 0;
		};
/* End PBXSourcesBuildPhase section */

/* Begin PBXVariantGroup section */
		95265D2928C83E4C00A62350 /* Main.storyboard */ = {
			isa = PBXVariantGroup;
			children = (
				95265D2A28C83E4C00A62350 /* Base */,
			);
			name = Main.storyboard;
			sourceTree = "<group>";
		};
		95265D2E28C83E5000A62350 /* LaunchScreen.storyboard */ = {
			isa = PBXVariantGroup;
			children = (
				95265D2F28C83E5000A62350 /* Base */,
			);
			name = LaunchScreen.storyboard;
			sourceTree = "<group>";
		};
/* End PBXVariantGroup section */

/* Begin XCBuildConfiguration section */
		95265D3228C83E5000A62350 /* Debug */ = {
			isa = XCBuildConfiguration;
			buildSettings = {
				ALWAYS_SEARCH_USER_PATHS = NO;
				CLANG_ANALYZER_NONNULL = YES;
				CLANG_ANALYZER_NUMBER_OBJECT_CONVERSION = YES_AGGRESSIVE;
				CLANG_CXX_LANGUAGE_STANDARD = "gnu++17";
				CLANG_ENABLE_MODULES = YES;
				CLANG_ENABLE_OBJC_ARC = YES;
				CLANG_ENABLE_OBJC_WEAK = YES;
				CLANG_WARN_BLOCK_CAPTURE_AUTORELEASING = YES;
				CLANG_WARN_BOOL_CONVERSION = YES;
				CLANG_WARN_COMMA = YES;
				CLANG_WARN_CONSTANT_CONVERSION = YES;
				CLANG_WARN_DEPRECATED_OBJC_IMPLEMENTATIONS = YES;
				CLANG_WARN_DIRECT_OBJC_ISA_USAGE = YES_ERROR;
				CLANG_WARN_DOCUMENTATION_COMMENTS = YES;
				CLANG_WARN_EMPTY_BODY = YES;
				CLANG_WARN_ENUM_CONVERSION = YES;
				CLANG_WARN_INFINITE_RECURSION = YES;
				CLANG_WARN_INT_CONVERSION = YES;
				CLANG_WARN_NON_LITERAL_NULL_CONVERSION = YES;
				CLANG_WARN_OBJC_IMPLICIT_RETAIN_SELF = YES;
				CLANG_WARN_OBJC_LITERAL_CONVERSION = YES;
				CLANG_WARN_OBJC_ROOT_CLASS = YES_ERROR;
				CLANG_WARN_QUOTED_INCLUDE_IN_FRAMEWORK_HEADER = YES;
				CLANG_WARN_RANGE_LOOP_ANALYSIS = YES;
				CLANG_WARN_STRICT_PROTOTYPES = YES;
				CLANG_WARN_SUSPICIOUS_MOVE = YES;
				CLANG_WARN_UNGUARDED_AVAILABILITY = YES_AGGRESSIVE;
				CLANG_WARN_UNREACHABLE_CODE = YES;
				CLANG_WARN__DUPLICATE_METHOD_MATCH = YES;
				COPY_PHASE_STRIP = NO;
				DEBUG_INFORMATION_FORMAT = dwarf;
				ENABLE_STRICT_OBJC_MSGSEND = YES;
				ENABLE_TESTABILITY = YES;
				GCC_C_LANGUAGE_STANDARD = gnu11;
				GCC_DYNAMIC_NO_PIC = NO;
				GCC_NO_COMMON_BLOCKS = YES;
				GCC_OPTIMIZATION_LEVEL = 0;
				GCC_PREPROCESSOR_DEFINITIONS = (
					"DEBUG=1",
					"$(inherited)",
				);
				GCC_WARN_64_TO_32_BIT_CONVERSION = YES;
				GCC_WARN_ABOUT_RETURN_TYPE = YES_ERROR;
				GCC_WARN_UNDECLARED_SELECTOR = YES;
				GCC_WARN_UNINITIALIZED_AUTOS = YES_AGGRESSIVE;
				GCC_WARN_UNUSED_FUNCTION = YES;
				GCC_WARN_UNUSED_VARIABLE = YES;
				IPHONEOS_DEPLOYMENT_TARGET = 15.5;
				MTL_ENABLE_DEBUG_INFO = INCLUDE_SOURCE;
				MTL_FAST_MATH = YES;
				ONLY_ACTIVE_ARCH = YES;
				SDKROOT = iphoneos;
				SWIFT_ACTIVE_COMPILATION_CONDITIONS = DEBUG;
				SWIFT_OPTIMIZATION_LEVEL = "-Onone";
			};
			name = Debug;
		};
		95265D3328C83E5000A62350 /* Release */ = {
			isa = XCBuildConfiguration;
			buildSettings = {
				ALWAYS_SEARCH_USER_PATHS = NO;
				CLANG_ANALYZER_NONNULL = YES;
				CLANG_ANALYZER_NUMBER_OBJECT_CONVERSION = YES_AGGRESSIVE;
				CLANG_CXX_LANGUAGE_STANDARD = "gnu++17";
				CLANG_ENABLE_MODULES = YES;
				CLANG_ENABLE_OBJC_ARC = YES;
				CLANG_ENABLE_OBJC_WEAK = YES;
				CLANG_WARN_BLOCK_CAPTURE_AUTORELEASING = YES;
				CLANG_WARN_BOOL_CONVERSION = YES;
				CLANG_WARN_COMMA = YES;
				CLANG_WARN_CONSTANT_CONVERSION = YES;
				CLANG_WARN_DEPRECATED_OBJC_IMPLEMENTATIONS = YES;
				CLANG_WARN_DIRECT_OBJC_ISA_USAGE = YES_ERROR;
				CLANG_WARN_DOCUMENTATION_COMMENTS = YES;
				CLANG_WARN_EMPTY_BODY = YES;
				CLANG_WARN_ENUM_CONVERSION = YES;
				CLANG_WARN_INFINITE_RECURSION = YES;
				CLANG_WARN_INT_CONVERSION = YES;
				CLANG_WARN_NON_LITERAL_NULL_CONVERSION = YES;
				CLANG_WARN_OBJC_IMPLICIT_RETAIN_SELF = YES;
				CLANG_WARN_OBJC_LITERAL_CONVERSION = YES;
				CLANG_WARN_OBJC_ROOT_CLASS = YES_ERROR;
				CLANG_WARN_QUOTED_INCLUDE_IN_FRAMEWORK_HEADER = YES;
				CLANG_WARN_RANGE_LOOP_ANALYSIS = YES;
				CLANG_WARN_STRICT_PROTOTYPES = YES;
				CLANG_WARN_SUSPICIOUS_MOVE = YES;
				CLANG_WARN_UNGUARDED_AVAILABILITY = YES_AGGRESSIVE;
				CLANG_WARN_UNREACHABLE_CODE = YES;
				CLANG_WARN__DUPLICATE_METHOD_MATCH = YES;
				COPY_PHASE_STRIP = NO;
				DEBUG_INFORMATION_FORMAT = "dwarf-with-dsym";
				ENABLE_NS_ASSERTIONS = NO;
				ENABLE_STRICT_OBJC_MSGSEND = YES;
				GCC_C_LANGUAGE_STANDARD = gnu11;
				GCC_NO_COMMON_BLOCKS = YES;
				GCC_WARN_64_TO_32_BIT_CONVERSION = YES;
				GCC_WARN_ABOUT_RETURN_TYPE = YES_ERROR;
				GCC_WARN_UNDECLARED_SELECTOR = YES;
				GCC_WARN_UNINITIALIZED_AUTOS = YES_AGGRESSIVE;
				GCC_WARN_UNUSED_FUNCTION = YES;
				GCC_WARN_UNUSED_VARIABLE = YES;
				IPHONEOS_DEPLOYMENT_TARGET = 15.5;
				MTL_ENABLE_DEBUG_INFO = NO;
				MTL_FAST_MATH = YES;
				SDKROOT = iphoneos;
				SWIFT_COMPILATION_MODE = wholemodule;
				SWIFT_OPTIMIZATION_LEVEL = "-O";
				VALIDATE_PRODUCT = YES;
			};
			name = Release;
		};
		95265D3528C83E5000A62350 /* Debug */ = {
			isa = XCBuildConfiguration;
			buildSettings = {
				ASSETCATALOG_COMPILER_APPICON_NAME = AppIcon;
				ASSETCATALOG_COMPILER_GLOBAL_ACCENT_COLOR_NAME = AccentColor;
				CODE_SIGN_STYLE = Automatic;
				CURRENT_PROJECT_VERSION = 1;
				GENERATE_INFOPLIST_FILE = YES;
				INFOPLIST_FILE = "Quizzler-MultipleChoice/Info.plist";
				INFOPLIST_KEY_UIApplicationSupportsIndirectInputEvents = YES;
				INFOPLIST_KEY_UILaunchStoryboardName = LaunchScreen;
				INFOPLIST_KEY_UIMainStoryboardFile = Main;
				INFOPLIST_KEY_UISupportedInterfaceOrientations = "UIInterfaceOrientationPortrait UIInterfaceOrientationLandscapeLeft UIInterfaceOrientationLandscapeRight";
				INFOPLIST_KEY_UISupportedInterfaceOrientations_iPad = "UIInterfaceOrientationPortrait UIInterfaceOrientationPortraitUpsideDown UIInterfaceOrientationLandscapeLeft UIInterfaceOrientationLandscapeRight";
				INFOPLIST_KEY_UISupportedInterfaceOrientations_iPhone = "UIInterfaceOrientationPortrait UIInterfaceOrientationLandscapeLeft UIInterfaceOrientationLandscapeRight";
				IPHONEOS_DEPLOYMENT_TARGET = 15.0;
				LD_RUNPATH_SEARCH_PATHS = (
					"$(inherited)",
					"@executable_path/Frameworks",
				);
				MARKETING_VERSION = 1.0;
				PRODUCT_BUNDLE_IDENTIFIER = "com.thuvu.Quizzler-MultipleChoice";
				PRODUCT_NAME = "$(TARGET_NAME)";
				SWIFT_EMIT_LOC_STRINGS = YES;
				SWIFT_VERSION = 5.0;
				TARGETED_DEVICE_FAMILY = "1,2";
			};
			name = Debug;
		};
		95265D3628C83E5000A62350 /* Release */ = {
			isa = XCBuildConfiguration;
			buildSettings = {
				ASSETCATALOG_COMPILER_APPICON_NAME = AppIcon;
				ASSETCATALOG_COMPILER_GLOBAL_ACCENT_COLOR_NAME = AccentColor;
				CODE_SIGN_STYLE = Automatic;
				CURRENT_PROJECT_VERSION = 1;
				GENERATE_INFOPLIST_FILE = YES;
				INFOPLIST_FILE = "Quizzler-MultipleChoice/Info.plist";
				INFOPLIST_KEY_UIApplicationSupportsIndirectInputEvents = YES;
				INFOPLIST_KEY_UILaunchStoryboardName = LaunchScreen;
				INFOPLIST_KEY_UIMainStoryboardFile = Main;
				INFOPLIST_KEY_UISupportedInterfaceOrientations = "UIInterfaceOrientationPortrait UIInterfaceOrientationLandscapeLeft UIInterfaceOrientationLandscapeRight";
				INFOPLIST_KEY_UISupportedInterfaceOrientations_iPad = "UIInterfaceOrientationPortrait UIInterfaceOrientationPortraitUpsideDown UIInterfaceOrientationLandscapeLeft UIInterfaceOrientationLandscapeRight";
				INFOPLIST_KEY_UISupportedInterfaceOrientations_iPhone = "UIInterfaceOrientationPortrait UIInterfaceOrientationLandscapeLeft UIInterfaceOrientationLandscapeRight";
				IPHONEOS_DEPLOYMENT_TARGET = 15.0;
				LD_RUNPATH_SEARCH_PATHS = (
					"$(inherited)",
					"@executable_path/Frameworks",
				);
				MARKETING_VERSION = 1.0;
				PRODUCT_BUNDLE_IDENTIFIER = "com.thuvu.Quizzler-MultipleChoice";
				PRODUCT_NAME = "$(TARGET_NAME)";
				SWIFT_EMIT_LOC_STRINGS = YES;
				SWIFT_VERSION = 5.0;
				TARGETED_DEVICE_FAMILY = "1,2";
			};
			name = Release;
		};
/* End XCBuildConfiguration section */

/* Begin XCConfigurationList section */
		95265D1B28C83E4C00A62350 /* Build configuration list for PBXProject "Quizzler-MultipleChoice" */ = {
			isa = XCConfigurationList;
			buildConfigurations = (
				95265D3228C83E5000A62350 /* Debug */,
				95265D3328C83E5000A62350 /* Release */,
			);
			defaultConfigurationIsVisible = 0;
			defaultConfigurationName = Release;
		};
		95265D3428C83E5000A62350 /* Build configuration list for PBXNativeTarget "Quizzler-MultipleChoice" */ = {
			isa = XCConfigurationList;
			buildConfigurations = (
				95265D3528C83E5000A62350 /* Debug */,
				95265D3628C83E5000A62350 /* Release */,
			);
			defaultConfigurationIsVisible = 0;
			defaultConfigurationName = Release;
		};
/* End XCConfigurationList section */
	};
	rootObject = 95265D1828C83E4C00A62350 /* Project object */;
}
