// !$*UTF8*$!
{
	archiveVersion = 1;
	classes = {
	};
	objectVersion = 55;
	objects = {

/* Begin PBXBuildFile section */
		95CC4CF928B5D2B0006EABB7 /* AppDelegate.swift in Sources */ = {isa = PBXBuildFile; fileRef = 95CC4CF828B5D2B0006EABB7 /* AppDelegate.swift */; };
		95CC4CFB28B5D2B0006EABB7 /* SceneDelegate.swift in Sources */ = {isa = PBXBuildFile; fileRef = 95CC4CFA28B5D2B0006EABB7 /* SceneDelegate.swift */; };
		95CC4CFD28B5D2B0006EABB7 /* ViewController.swift in Sources */ = {isa = PBXBuildFile; fileRef = 95CC4CFC28B5D2B0006EABB7 /* ViewController.swift */; };
		95CC4D0028B5D2B0006EABB7 /* Main.storyboard in Resources */ = {isa = PBXBuildFile; fileRef = 95CC4CFE28B5D2B0006EABB7 /* Main.storyboard */; };
		95CC4D0228B5D2B2006EABB7 /* Assets.xcassets in Resources */ = {isa = PBXBuildFile; fileRef = 95CC4D0128B5D2B2006EABB7 /* Assets.xcassets */; };
		95CC4D0528B5D2B2006EABB7 /* LaunchScreen.storyboard in Resources */ = {isa = PBXBuildFile; fileRef = 95CC4D0328B5D2B2006EABB7 /* LaunchScreen.storyboard */; };
		95CC4D1028B5D2B2006EABB7 /* I_am_RichTests.swift in Sources */ = {isa = PBXBuildFile; fileRef = 95CC4D0F28B5D2B2006EABB7 /* I_am_RichTests.swift */; };
		95CC4D1A28B5D2B2006EABB7 /* I_am_RichUITests.swift in Sources */ = {isa = PBXBuildFile; fileRef = 95CC4D1928B5D2B2006EABB7 /* I_am_RichUITests.swift */; };
		95CC4D1C28B5D2B2006EABB7 /* I_am_RichUITestsLaunchTests.swift in Sources */ = {isa = PBXBuildFile; fileRef = 95CC4D1B28B5D2B2006EABB7 /* I_am_RichUITestsLaunchTests.swift */; };
/* End PBXBuildFile section */

/* Begin PBXContainerItemProxy section */
		95CC4D0C28B5D2B2006EABB7 /* PBXContainerItemProxy */ = {
			isa = PBXContainerItemProxy;
			containerPortal = 95CC4CED28B5D2B0006EABB7 /* Project object */;
			proxyType = 1;
			remoteGlobalIDString = 95CC4CF428B5D2B0006EABB7;
			remoteInfo = "I am Rich";
		};
		95CC4D1628B5D2B2006EABB7 /* PBXContainerItemProxy */ = {
			isa = PBXContainerItemProxy;
			containerPortal = 95CC4CED28B5D2B0006EABB7 /* Project object */;
			proxyType = 1;
			remoteGlobalIDString = 95CC4CF428B5D2B0006EABB7;
			remoteInfo = "I am Rich";
		};
/* End PBXContainerItemProxy section */

/* Begin PBXFileReference section */
		95CC4CF528B5D2B0006EABB7 /* I am Rich.app */ = {isa = PBXFileReference; explicitFileType = wrapper.application; includeInIndex = 0; path = "I am Rich.app"; sourceTree = BUILT_PRODUCTS_DIR; };
		95CC4CF828B5D2B0006EABB7 /* AppDelegate.swift */ = {isa = PBXFileReference; lastKnownFileType = sourcecode.swift; path = AppDelegate.swift; sourceTree = "<group>"; };
		95CC4CFA28B5D2B0006EABB7 /* SceneDelegate.swift */ = {isa = PBXFileReference; lastKnownFileType = sourcecode.swift; path = SceneDelegate.swift; sourceTree = "<group>"; };
		95CC4CFC28B5D2B0006EABB7 /* ViewController.swift */ = {isa = PBXFileReference; lastKnownFileType = sourcecode.swift; path = ViewController.swift; sourceTree = "<group>"; };
		95CC4CFF28B5D2B0006EABB7 /* Base */ = {isa = PBXFileReference; lastKnownFileType = file.storyboard; name = Base; path = Base.lproj/Main.storyboard; sourceTree = "<group>"; };
		95CC4D0128B5D2B2006EABB7 /* Assets.xcassets */ = {isa = PBXFileReference; lastKnownFileType = folder.assetcatalog; path = Assets.xcassets; sourceTree = "<group>"; };
		95CC4D0428B5D2B2006EABB7 /* Base */ = {isa = PBXFileReference; lastKnownFileType = file.storyboard; name = Base; path = Base.lproj/LaunchScreen.storyboard; sourceTree = "<group>"; };
		95CC4D0628B5D2B2006EABB7 /* Info.plist */ = {isa = PBXFileReference; lastKnownFileType = text.plist.xml; path = Info.plist; sourceTree = "<group>"; };
		95CC4D0B28B5D2B2006EABB7 /* I am RichTests.xctest */ = {isa = PBXFileReference; explicitFileType = wrapper.cfbundle; includeInIndex = 0; path = "I am RichTests.xctest"; sourceTree = BUILT_PRODUCTS_DIR; };
		95CC4D0F28B5D2B2006EABB7 /* I_am_RichTests.swift */ = {isa = PBXFileReference; lastKnownFileType = sourcecode.swift; path = I_am_RichTests.swift; sourceTree = "<group>"; };
		95CC4D1528B5D2B2006EABB7 /* I am RichUITests.xctest */ = {isa = PBXFileReference; explicitFileType = wrapper.cfbundle; includeInIndex = 0; path = "I am RichUITests.xctest"; sourceTree = BUILT_PRODUCTS_DIR; };
		95CC4D1928B5D2B2006EABB7 /* I_am_RichUITests.swift */ = {isa = PBXFileReference; lastKnownFileType = sourcecode.swift; path = I_am_RichUITests.swift; sourceTree = "<group>"; };
		95CC4D1B28B5D2B2006EABB7 /* I_am_RichUITestsLaunchTests.swift */ = {isa = PBXFileReference; lastKnownFileType = sourcecode.swift; path = I_am_RichUITestsLaunchTests.swift; sourceTree = "<group>"; };
/* End PBXFileReference section */

/* Begin PBXFrameworksBuildPhase section */
		95CC4CF228B5D2B0006EABB7 /* Frameworks */ = {
			isa = PBXFrameworksBuildPhase;
			buildActionMask = 2147483647;
			files = (
			);
			runOnlyForDeploymentPostprocessing = 0;
		};
		95CC4D0828B5D2B2006EABB7 /* Frameworks */ = {
			isa = PBXFrameworksBuildPhase;
			buildActionMask = 2147483647;
			files = (
			);
			runOnlyForDeploymentPostprocessing = 0;
		};
		95CC4D1228B5D2B2006EABB7 /* Frameworks */ = {
			isa = PBXFrameworksBuildPhase;
			buildActionMask = 2147483647;
			files = (
			);
			runOnlyForDeploymentPostprocessing = 0;
		};
/* End PBXFrameworksBuildPhase section */

/* Begin PBXGroup section */
		95CC4CEC28B5D2B0006EABB7 = {
			isa = PBXGroup;
			children = (
				95CC4CF728B5D2B0006EABB7 /* I am Rich */,
				95CC4D0E28B5D2B2006EABB7 /* I am RichTests */,
				95CC4D1828B5D2B2006EABB7 /* I am RichUITests */,
				95CC4CF628B5D2B0006EABB7 /* Products */,
			);
			sourceTree = "<group>";
		};
		95CC4CF628B5D2B0006EABB7 /* Products */ = {
			isa = PBXGroup;
			children = (
				95CC4CF528B5D2B0006EABB7 /* I am Rich.app */,
				95CC4D0B28B5D2B2006EABB7 /* I am RichTests.xctest */,
				95CC4D1528B5D2B2006EABB7 /* I am RichUITests.xctest */,
			);
			name = Products;
			sourceTree = "<group>";
		};
		95CC4CF728B5D2B0006EABB7 /* I am Rich */ = {
			isa = PBXGroup;
			children = (
				95CC4CF828B5D2B0006EABB7 /* AppDelegate.swift */,
				95CC4CFA28B5D2B0006EABB7 /* SceneDelegate.swift */,
				95CC4CFC28B5D2B0006EABB7 /* ViewController.swift */,
				95CC4CFE28B5D2B0006EABB7 /* Main.storyboard */,
				95CC4D0128B5D2B2006EABB7 /* Assets.xcassets */,
				95CC4D0328B5D2B2006EABB7 /* LaunchScreen.storyboard */,
				95CC4D0628B5D2B2006EABB7 /* Info.plist */,
			);
			path = "I am Rich";
			sourceTree = "<group>";
		};
		95CC4D0E28B5D2B2006EABB7 /* I am RichTests */ = {
			isa = PBXGroup;
			children = (
				95CC4D0F28B5D2B2006EABB7 /* I_am_RichTests.swift */,
			);
			path = "I am RichTests";
			sourceTree = "<group>";
		};
		95CC4D1828B5D2B2006EABB7 /* I am RichUITests */ = {
			isa = PBXGroup;
			children = (
				95CC4D1928B5D2B2006EABB7 /* I_am_RichUITests.swift */,
				95CC4D1B28B5D2B2006EABB7 /* I_am_RichUITestsLaunchTests.swift */,
			);
			path = "I am RichUITests";
			sourceTree = "<group>";
		};
/* End PBXGroup section */

/* Begin PBXNativeTarget section */
		95CC4CF428B5D2B0006EABB7 /* I am Rich */ = {
			isa = PBXNativeTarget;
			buildConfigurationList = 95CC4D1F28B5D2B2006EABB7 /* Build configuration list for PBXNativeTarget "I am Rich" */;
			buildPhases = (
				95CC4CF128B5D2B0006EABB7 /* Sources */,
				95CC4CF228B5D2B0006EABB7 /* Frameworks */,
				95CC4CF328B5D2B0006EABB7 /* Resources */,
			);
			buildRules = (
			);
			dependencies = (
			);
			name = "I am Rich";
			productName = "I am Rich";
			productReference = 95CC4CF528B5D2B0006EABB7 /* I am Rich.app */;
			productType = "com.apple.product-type.application";
		};
		95CC4D0A28B5D2B2006EABB7 /* I am RichTests */ = {
			isa = PBXNativeTarget;
			buildConfigurationList = 95CC4D2228B5D2B2006EABB7 /* Build configuration list for PBXNativeTarget "I am RichTests" */;
			buildPhases = (
				95CC4D0728B5D2B2006EABB7 /* Sources */,
				95CC4D0828B5D2B2006EABB7 /* Frameworks */,
				95CC4D0928B5D2B2006EABB7 /* Resources */,
			);
			buildRules = (
			);
			dependencies = (
				95CC4D0D28B5D2B2006EABB7 /* PBXTargetDependency */,
			);
			name = "I am RichTests";
			productName = "I am RichTests";
			productReference = 95CC4D0B28B5D2B2006EABB7 /* I am RichTests.xctest */;
			productType = "com.apple.product-type.bundle.unit-test";
		};
		95CC4D1428B5D2B2006EABB7 /* I am RichUITests */ = {
			isa = PBXNativeTarget;
			buildConfigurationList = 95CC4D2528B5D2B2006EABB7 /* Build configuration list for PBXNativeTarget "I am RichUITests" */;
			buildPhases = (
				95CC4D1128B5D2B2006EABB7 /* Sources */,
				95CC4D1228B5D2B2006EABB7 /* Frameworks */,
				95CC4D1328B5D2B2006EABB7 /* Resources */,
			);
			buildRules = (
			);
			dependencies = (
				95CC4D1728B5D2B2006EABB7 /* PBXTargetDependency */,
			);
			name = "I am RichUITests";
			productName = "I am RichUITests";
			productReference = 95CC4D1528B5D2B2006EABB7 /* I am RichUITests.xctest */;
			productType = "com.apple.product-type.bundle.ui-testing";
		};
/* End PBXNativeTarget section */

/* Begin PBXProject section */
		95CC4CED28B5D2B0006EABB7 /* Project object */ = {
			isa = PBXProject;
			attributes = {
				BuildIndependentTargetsInParallel = 1;
				LastSwiftUpdateCheck = 1340;
				LastUpgradeCheck = 1340;
				TargetAttributes = {
					95CC4CF428B5D2B0006EABB7 = {
						CreatedOnToolsVersion = 13.4.1;
					};
					95CC4D0A28B5D2B2006EABB7 = {
						CreatedOnToolsVersion = 13.4.1;
						TestTargetID = 95CC4CF428B5D2B0006EABB7;
					};
					95CC4D1428B5D2B2006EABB7 = {
						CreatedOnToolsVersion = 13.4.1;
						TestTargetID = 95CC4CF428B5D2B0006EABB7;
					};
				};
			};
			buildConfigurationList = 95CC4CF028B5D2B0006EABB7 /* Build configuration list for PBXProject "I am Rich" */;
			compatibilityVersion = "Xcode 13.0";
			developmentRegion = en;
			hasScannedForEncodings = 0;
			knownRegions = (
				en,
				Base,
			);
			mainGroup = 95CC4CEC28B5D2B0006EABB7;
			productRefGroup = 95CC4CF628B5D2B0006EABB7 /* Products */;
			projectDirPath = "";
			projectRoot = "";
			targets = (
				95CC4CF428B5D2B0006EABB7 /* I am Rich */,
				95CC4D0A28B5D2B2006EABB7 /* I am RichTests */,
				95CC4D1428B5D2B2006EABB7 /* I am RichUITests */,
			);
		};
/* End PBXProject section */

/* Begin PBXResourcesBuildPhase section */
		95CC4CF328B5D2B0006EABB7 /* Resources */ = {
			isa = PBXResourcesBuildPhase;
			buildActionMask = 2147483647;
			files = (
				95CC4D0528B5D2B2006EABB7 /* LaunchScreen.storyboard in Resources */,
				95CC4D0228B5D2B2006EABB7 /* Assets.xcassets in Resources */,
				95CC4D0028B5D2B0006EABB7 /* Main.storyboard in Resources */,
			);
			runOnlyForDeploymentPostprocessing = 0;
		};
		95CC4D0928B5D2B2006EABB7 /* Resources */ = {
			isa = PBXResourcesBuildPhase;
			buildActionMask = 2147483647;
			files = (
			);
			runOnlyForDeploymentPostprocessing = 0;
		};
		95CC4D1328B5D2B2006EABB7 /* Resources */ = {
			isa = PBXResourcesBuildPhase;
			buildActionMask = 2147483647;
			files = (
			);
			runOnlyForDeploymentPostprocessing = 0;
		};
/* End PBXResourcesBuildPhase section */

/* Begin PBXSourcesBuildPhase section */
		95CC4CF128B5D2B0006EABB7 /* Sources */ = {
			isa = PBXSourcesBuildPhase;
			buildActionMask = 2147483647;
			files = (
				95CC4CFD28B5D2B0006EABB7 /* ViewController.swift in Sources */,
				95CC4CF928B5D2B0006EABB7 /* AppDelegate.swift in Sources */,
				95CC4CFB28B5D2B0006EABB7 /* SceneDelegate.swift in Sources */,
			);
			runOnlyForDeploymentPostprocessing = 0;
		};
		95CC4D0728B5D2B2006EABB7 /* Sources */ = {
			isa = PBXSourcesBuildPhase;
			buildActionMask = 2147483647;
			files = (
				95CC4D1028B5D2B2006EABB7 /* I_am_RichTests.swift in Sources */,
			);
			runOnlyForDeploymentPostprocessing = 0;
		};
		95CC4D1128B5D2B2006EABB7 /* Sources */ = {
			isa = PBXSourcesBuildPhase;
			buildActionMask = 2147483647;
			files = (
				95CC4D1C28B5D2B2006EABB7 /* I_am_RichUITestsLaunchTests.swift in Sources */,
				95CC4D1A28B5D2B2006EABB7 /* I_am_RichUITests.swift in Sources */,
			);
			runOnlyForDeploymentPostprocessing = 0;
		};
/* End PBXSourcesBuildPhase section */

/* Begin PBXTargetDependency section */
		95CC4D0D28B5D2B2006EABB7 /* PBXTargetDependency */ = {
			isa = PBXTargetDependency;
			target = 95CC4CF428B5D2B0006EABB7 /* I am Rich */;
			targetProxy = 95CC4D0C28B5D2B2006EABB7 /* PBXContainerItemProxy */;
		};
		95CC4D1728B5D2B2006EABB7 /* PBXTargetDependency */ = {
			isa = PBXTargetDependency;
			target = 95CC4CF428B5D2B0006EABB7 /* I am Rich */;
			targetProxy = 95CC4D1628B5D2B2006EABB7 /* PBXContainerItemProxy */;
		};
/* End PBXTargetDependency section */

/* Begin PBXVariantGroup section */
		95CC4CFE28B5D2B0006EABB7 /* Main.storyboard */ = {
			isa = PBXVariantGroup;
			children = (
				95CC4CFF28B5D2B0006EABB7 /* Base */,
			);
			name = Main.storyboard;
			sourceTree = "<group>";
		};
		95CC4D0328B5D2B2006EABB7 /* LaunchScreen.storyboard */ = {
			isa = PBXVariantGroup;
			children = (
				95CC4D0428B5D2B2006EABB7 /* Base */,
			);
			name = LaunchScreen.storyboard;
			sourceTree = "<group>";
		};
/* End PBXVariantGroup section */

/* Begin XCBuildConfiguration section */
		95CC4D1D28B5D2B2006EABB7 /* Debug */ = {
			isa = XCBuildConfiguration;
			buildSettings = {
				ALWAYS_SEARCH_USER_PATHS = NO;
				CLANG_ANALYZER_NONNULL = YES;
				CLANG_ANALYZER_NUMBER_OBJECT_CONVERSION = YES_AGGRESSIVE;
				CLANG_CXX_LANGUAGE_STANDARD = "gnu++17";
				CLANG_ENABLE_MODULES = YES;
				CLANG_ENABLE_OBJC_ARC = YES;
				CLANG_ENABLE_OBJC_WEAK = YES;
				CLANG_WARN_BLOCK_CAPTURE_AUTORELEASING = YES;
				CLANG_WARN_BOOL_CONVERSION = YES;
				CLANG_WARN_COMMA = YES;
				CLANG_WARN_CONSTANT_CONVERSION = YES;
				CLANG_WARN_DEPRECATED_OBJC_IMPLEMENTATIONS = YES;
				CLANG_WARN_DIRECT_OBJC_ISA_USAGE = YES_ERROR;
				CLANG_WARN_DOCUMENTATION_COMMENTS = YES;
				CLANG_WARN_EMPTY_BODY = YES;
				CLANG_WARN_ENUM_CONVERSION = YES;
				CLANG_WARN_INFINITE_RECURSION = YES;
				CLANG_WARN_INT_CONVERSION = YES;
				CLANG_WARN_NON_LITERAL_NULL_CONVERSION = YES;
				CLANG_WARN_OBJC_IMPLICIT_RETAIN_SELF = YES;
				CLANG_WARN_OBJC_LITERAL_CONVERSION = YES;
				CLANG_WARN_OBJC_ROOT_CLASS = YES_ERROR;
				CLANG_WARN_QUOTED_INCLUDE_IN_FRAMEWORK_HEADER = YES;
				CLANG_WARN_RANGE_LOOP_ANALYSIS = YES;
				CLANG_WARN_STRICT_PROTOTYPES = YES;
				CLANG_WARN_SUSPICIOUS_MOVE = YES;
				CLANG_WARN_UNGUARDED_AVAILABILITY = YES_AGGRESSIVE;
				CLANG_WARN_UNREACHABLE_CODE = YES;
				CLANG_WARN__DUPLICATE_METHOD_MATCH = YES;
				COPY_PHASE_STRIP = NO;
				DEBUG_INFORMATION_FORMAT = dwarf;
				ENABLE_STRICT_OBJC_MSGSEND = YES;
				ENABLE_TESTABILITY = YES;
				GCC_C_LANGUAGE_STANDARD = gnu11;
				GCC_DYNAMIC_NO_PIC = NO;
				GCC_NO_COMMON_BLOCKS = YES;
				GCC_OPTIMIZATION_LEVEL = 0;
				GCC_PREPROCESSOR_DEFINITIONS = (
					"DEBUG=1",
					"$(inherited)",
				);
				GCC_WARN_64_TO_32_BIT_CONVERSION = YES;
				GCC_WARN_ABOUT_RETURN_TYPE = YES_ERROR;
				GCC_WARN_UNDECLARED_SELECTOR = YES;
				GCC_WARN_UNINITIALIZED_AUTOS = YES_AGGRESSIVE;
				GCC_WARN_UNUSED_FUNCTION = YES;
				GCC_WARN_UNUSED_VARIABLE = YES;
				IPHONEOS_DEPLOYMENT_TARGET = 15.5;
				MTL_ENABLE_DEBUG_INFO = INCLUDE_SOURCE;
				MTL_FAST_MATH = YES;
				ONLY_ACTIVE_ARCH = YES;
				SDKROOT = iphoneos;
				SWIFT_ACTIVE_COMPILATION_CONDITIONS = DEBUG;
				SWIFT_OPTIMIZATION_LEVEL = "-Onone";
			};
			name = Debug;
		};
		95CC4D1E28B5D2B2006EABB7 /* Release */ = {
			isa = XCBuildConfiguration;
			buildSettings = {
				ALWAYS_SEARCH_USER_PATHS = NO;
				CLANG_ANALYZER_NONNULL = YES;
				CLANG_ANALYZER_NUMBER_OBJECT_CONVERSION = YES_AGGRESSIVE;
				CLANG_CXX_LANGUAGE_STANDARD = "gnu++17";
				CLANG_ENABLE_MODULES = YES;
				CLANG_ENABLE_OBJC_ARC = YES;
				CLANG_ENABLE_OBJC_WEAK = YES;
				CLANG_WARN_BLOCK_CAPTURE_AUTORELEASING = YES;
				CLANG_WARN_BOOL_CONVERSION = YES;
				CLANG_WARN_COMMA = YES;
				CLANG_WARN_CONSTANT_CONVERSION = YES;
				CLANG_WARN_DEPRECATED_OBJC_IMPLEMENTATIONS = YES;
				CLANG_WARN_DIRECT_OBJC_ISA_USAGE = YES_ERROR;
				CLANG_WARN_DOCUMENTATION_COMMENTS = YES;
				CLANG_WARN_EMPTY_BODY = YES;
				CLANG_WARN_ENUM_CONVERSION = YES;
				CLANG_WARN_INFINITE_RECURSION = YES;
				CLANG_WARN_INT_CONVERSION = YES;
				CLANG_WARN_NON_LITERAL_NULL_CONVERSION = YES;
				CLANG_WARN_OBJC_IMPLICIT_RETAIN_SELF = YES;
				CLANG_WARN_OBJC_LITERAL_CONVERSION = YES;
				CLANG_WARN_OBJC_ROOT_CLASS = YES_ERROR;
				CLANG_WARN_QUOTED_INCLUDE_IN_FRAMEWORK_HEADER = YES;
				CLANG_WARN_RANGE_LOOP_ANALYSIS = YES;
				CLANG_WARN_STRICT_PROTOTYPES = YES;
				CLANG_WARN_SUSPICIOUS_MOVE = YES;
				CLANG_WARN_UNGUARDED_AVAILABILITY = YES_AGGRESSIVE;
				CLANG_WARN_UNREACHABLE_CODE = YES;
				CLANG_WARN__DUPLICATE_METHOD_MATCH = YES;
				COPY_PHASE_STRIP = NO;
				DEBUG_INFORMATION_FORMAT = "dwarf-with-dsym";
				ENABLE_NS_ASSERTIONS = NO;
				ENABLE_STRICT_OBJC_MSGSEND = YES;
				GCC_C_LANGUAGE_STANDARD = gnu11;
				GCC_NO_COMMON_BLOCKS = YES;
				GCC_WARN_64_TO_32_BIT_CONVERSION = YES;
				GCC_WARN_ABOUT_RETURN_TYPE = YES_ERROR;
				GCC_WARN_UNDECLARED_SELECTOR = YES;
				GCC_WARN_UNINITIALIZED_AUTOS = YES_AGGRESSIVE;
				GCC_WARN_UNUSED_FUNCTION = YES;
				GCC_WARN_UNUSED_VARIABLE = YES;
				IPHONEOS_DEPLOYMENT_TARGET = 15.5;
				MTL_ENABLE_DEBUG_INFO = NO;
				MTL_FAST_MATH = YES;
				SDKROOT = iphoneos;
				SWIFT_COMPILATION_MODE = wholemodule;
				SWIFT_OPTIMIZATION_LEVEL = "-O";
				VALIDATE_PRODUCT = YES;
			};
			name = Release;
		};
		95CC4D2028B5D2B2006EABB7 /* Debug */ = {
			isa = XCBuildConfiguration;
			buildSettings = {
				ASSETCATALOG_COMPILER_APPICON_NAME = AppIcon;
				ASSETCATALOG_COMPILER_GLOBAL_ACCENT_COLOR_NAME = AccentColor;
				CODE_SIGN_STYLE = Automatic;
				CURRENT_PROJECT_VERSION = 1;
				GENERATE_INFOPLIST_FILE = YES;
				INFOPLIST_FILE = "I am Rich/Info.plist";
				INFOPLIST_KEY_UIApplicationSupportsIndirectInputEvents = YES;
				INFOPLIST_KEY_UILaunchStoryboardName = LaunchScreen;
				INFOPLIST_KEY_UIMainStoryboardFile = Main;
				INFOPLIST_KEY_UISupportedInterfaceOrientations_iPad = "UIInterfaceOrientationPortrait UIInterfaceOrientationPortraitUpsideDown UIInterfaceOrientationLandscapeLeft UIInterfaceOrientationLandscapeRight";
				INFOPLIST_KEY_UISupportedInterfaceOrientations_iPhone = "UIInterfaceOrientationPortrait UIInterfaceOrientationLandscapeLeft UIInterfaceOrientationLandscapeRight";
				IPHONEOS_DEPLOYMENT_TARGET = 15.0;
				LD_RUNPATH_SEARCH_PATHS = (
					"$(inherited)",
					"@executable_path/Frameworks",
				);
				MARKETING_VERSION = 1.0;
				PRODUCT_BUNDLE_IDENTIFIER = "com.thuvu.I-am-Rich";
				PRODUCT_NAME = "$(TARGET_NAME)";
				SWIFT_EMIT_LOC_STRINGS = YES;
				SWIFT_VERSION = 5.0;
				TARGETED_DEVICE_FAMILY = "1,2";
			};
			name = Debug;
		};
		95CC4D2128B5D2B2006EABB7 /* Release */ = {
			isa = XCBuildConfiguration;
			buildSettings = {
				ASSETCATALOG_COMPILER_APPICON_NAME = AppIcon;
				ASSETCATALOG_COMPILER_GLOBAL_ACCENT_COLOR_NAME = AccentColor;
				CODE_SIGN_STYLE = Automatic;
				CURRENT_PROJECT_VERSION = 1;
				GENERATE_INFOPLIST_FILE = YES;
				INFOPLIST_FILE = "I am Rich/Info.plist";
				INFOPLIST_KEY_UIApplicationSupportsIndirectInputEvents = YES;
				INFOPLIST_KEY_UILaunchStoryboardName = LaunchScreen;
				INFOPLIST_KEY_UIMainStoryboardFile = Main;
				INFOPLIST_KEY_UISupportedInterfaceOrientations_iPad = "UIInterfaceOrientationPortrait UIInterfaceOrientationPortraitUpsideDown UIInterfaceOrientationLandscapeLeft UIInterfaceOrientationLandscapeRight";
				INFOPLIST_KEY_UISupportedInterfaceOrientations_iPhone = "UIInterfaceOrientationPortrait UIInterfaceOrientationLandscapeLeft UIInterfaceOrientationLandscapeRight";
				IPHONEOS_DEPLOYMENT_TARGET = 15.0;
				LD_RUNPATH_SEARCH_PATHS = (
					"$(inherited)",
					"@executable_path/Frameworks",
				);
				MARKETING_VERSION = 1.0;
				PRODUCT_BUNDLE_IDENTIFIER = "com.thuvu.I-am-Rich";
				PRODUCT_NAME = "$(TARGET_NAME)";
				SWIFT_EMIT_LOC_STRINGS = YES;
				SWIFT_VERSION = 5.0;
				TARGETED_DEVICE_FAMILY = "1,2";
			};
			name = Release;
		};
		95CC4D2328B5D2B2006EABB7 /* Debug */ = {
			isa = XCBuildConfiguration;
			buildSettings = {
				ALWAYS_EMBED_SWIFT_STANDARD_LIBRARIES = YES;
				BUNDLE_LOADER = "$(TEST_HOST)";
				CODE_SIGN_STYLE = Automatic;
				CURRENT_PROJECT_VERSION = 1;
				GENERATE_INFOPLIST_FILE = YES;
				IPHONEOS_DEPLOYMENT_TARGET = 15.5;
				MARKETING_VERSION = 1.0;
				PRODUCT_BUNDLE_IDENTIFIER = "com.thuvu.I-am-RichTests";
				PRODUCT_NAME = "$(TARGET_NAME)";
				SWIFT_EMIT_LOC_STRINGS = NO;
				SWIFT_VERSION = 5.0;
				TARGETED_DEVICE_FAMILY = "1,2";
				TEST_HOST = "$(BUILT_PRODUCTS_DIR)/I am Rich.app/I am Rich";
			};
			name = Debug;
		};
		95CC4D2428B5D2B2006EABB7 /* Release */ = {
			isa = XCBuildConfiguration;
			buildSettings = {
				ALWAYS_EMBED_SWIFT_STANDARD_LIBRARIES = YES;
				BUNDLE_LOADER = "$(TEST_HOST)";
				CODE_SIGN_STYLE = Automatic;
				CURRENT_PROJECT_VERSION = 1;
				GENERATE_INFOPLIST_FILE = YES;
				IPHONEOS_DEPLOYMENT_TARGET = 15.5;
				MARKETING_VERSION = 1.0;
				PRODUCT_BUNDLE_IDENTIFIER = "com.thuvu.I-am-RichTests";
				PRODUCT_NAME = "$(TARGET_NAME)";
				SWIFT_EMIT_LOC_STRINGS = NO;
				SWIFT_VERSION = 5.0;
				TARGETED_DEVICE_FAMILY = "1,2";
				TEST_HOST = "$(BUILT_PRODUCTS_DIR)/I am Rich.app/I am Rich";
			};
			name = Release;
		};
		95CC4D2628B5D2B2006EABB7 /* Debug */ = {
			isa = XCBuildConfiguration;
			buildSettings = {
				ALWAYS_EMBED_SWIFT_STANDARD_LIBRARIES = YES;
				CODE_SIGN_STYLE = Automatic;
				CURRENT_PROJECT_VERSION = 1;
				GENERATE_INFOPLIST_FILE = YES;
				MARKETING_VERSION = 1.0;
				PRODUCT_BUNDLE_IDENTIFIER = "com.thuvu.I-am-RichUITests";
				PRODUCT_NAME = "$(TARGET_NAME)";
				SWIFT_EMIT_LOC_STRINGS = NO;
				SWIFT_VERSION = 5.0;
				TARGETED_DEVICE_FAMILY = "1,2";
				TEST_TARGET_NAME = "I am Rich";
			};
			name = Debug;
		};
		95CC4D2728B5D2B2006EABB7 /* Release */ = {
			isa = XCBuildConfiguration;
			buildSettings = {
				ALWAYS_EMBED_SWIFT_STANDARD_LIBRARIES = YES;
				CODE_SIGN_STYLE = Automatic;
				CURRENT_PROJECT_VERSION = 1;
				GENERATE_INFOPLIST_FILE = YES;
				MARKETING_VERSION = 1.0;
				PRODUCT_BUNDLE_IDENTIFIER = "com.thuvu.I-am-RichUITests";
				PRODUCT_NAME = "$(TARGET_NAME)";
				SWIFT_EMIT_LOC_STRINGS = NO;
				SWIFT_VERSION = 5.0;
				TARGETED_DEVICE_FAMILY = "1,2";
				TEST_TARGET_NAME = "I am Rich";
			};
			name = Release;
		};
/* End XCBuildConfiguration section */

/* Begin XCConfigurationList section */
		95CC4CF028B5D2B0006EABB7 /* Build configuration list for PBXProject "I am Rich" */ = {
			isa = XCConfigurationList;
			buildConfigurations = (
				95CC4D1D28B5D2B2006EABB7 /* Debug */,
				95CC4D1E28B5D2B2006EABB7 /* Release */,
			);
			defaultConfigurationIsVisible = 0;
			defaultConfigurationName = Release;
		};
		95CC4D1F28B5D2B2006EABB7 /* Build configuration list for PBXNativeTarget "I am Rich" */ = {
			isa = XCConfigurationList;
			buildConfigurations = (
				95CC4D2028B5D2B2006EABB7 /* Debug */,
				95CC4D2128B5D2B2006EABB7 /* Release */,
			);
			defaultConfigurationIsVisible = 0;
			defaultConfigurationName = Release;
		};
		95CC4D2228B5D2B2006EABB7 /* Build configuration list for PBXNativeTarget "I am RichTests" */ = {
			isa = XCConfigurationList;
			buildConfigurations = (
				95CC4D2328B5D2B2006EABB7 /* Debug */,
				95CC4D2428B5D2B2006EABB7 /* Release */,
			);
			defaultConfigurationIsVisible = 0;
			defaultConfigurationName = Release;
		};
		95CC4D2528B5D2B2006EABB7 /* Build configuration list for PBXNativeTarget "I am RichUITests" */ = {
			isa = XCConfigurationList;
			buildConfigurations = (
				95CC4D2628B5D2B2006EABB7 /* Debug */,
				95CC4D2728B5D2B2006EABB7 /* Release */,
			);
			defaultConfigurationIsVisible = 0;
			defaultConfigurationName = Release;
		};
/* End XCConfigurationList section */
	};
	rootObject = 95CC4CED28B5D2B0006EABB7 /* Project object */;
}
